Microsoft Visual Studio Solution File, Format Version 12.00
# Visual Studio Version 17
VisualStudioVersion = 17.5.2.0
MinimumVisualStudioVersion = 10.0.40219.1
Project("{FAE04EC0-301F-11D3-BF4B-00C04F79EFBC}") = "iPocket.API", "iPocket.API\iPocket.API.csproj", "{AA484FA0-EDB0-0CEF-2C3A-D7D00F542E21}"
EndProject
Project("{2150E333-8FDC-42A3-9474-1A3956D46DE8}") = "iPocket.Winforms", "iPocket.Winforms", "{651B6643-FD16-D91C-8207-23679D5D8ED2}"
EndProject
Project("{FAE04EC0-301F-11D3-BF4B-00C04F79EFBC}") = "iPocket", "iPocket.Winforms\iPocket.csproj", "{32183AB0-C182-29D6-EE5C-8B50A98CAB5A}"
EndProject
Global
	GlobalSection(SolutionConfigurationPlatforms) = preSolution
		Debug|Any CPU = Debug|Any CPU
		Release|Any CPU = Release|Any CPU
	EndGlobalSection
	GlobalSection(ProjectConfigurationPlatforms) = postSolution
		{AA484FA0-EDB0-0CEF-2C3A-D7D00F542E21}.Debug|Any CPU.ActiveCfg = Debug|Any CPU
		{AA484FA0-EDB0-0CEF-2C3A-D7D00F542E21}.Debug|Any CPU.Build.0 = Debug|Any CPU
		{AA484FA0-EDB0-0CEF-2C3A-D7D00F542E21}.Release|Any CPU.ActiveCfg = Release|Any CPU
		{AA484FA0-EDB0-0CEF-2C3A-D7D00F542E21}.Release|Any CPU.Build.0 = Release|Any CPU
		{32183AB0-C182-29D6-EE5C-8B50A98CAB5A}.Debug|Any CPU.ActiveCfg = Debug|Any CPU
		{32183AB0-C182-29D6-EE5C-8B50A98CAB5A}.Debug|Any CPU.Build.0 = Debug|Any CPU
		{32183AB0-C182-29D6-EE5C-8B50A98CAB5A}.Release|Any CPU.ActiveCfg = Release|Any CPU
		{32183AB0-C182-29D6-EE5C-8B50A98CAB5A}.Release|Any CPU.Build.0 = Release|Any CPU
	EndGlobalSection
	GlobalSection(SolutionProperties) = preSolution
		HideSolutionNode = FALSE
	EndGlobalSection
	GlobalSection(NestedProjects) = preSolution
		{32183AB0-C182-29D6-EE5C-8B50A98CAB5A} = {651B6643-FD16-D91C-8207-23679D5D8ED2}
	EndGlobalSection
	GlobalSection(ExtensibilityGlobals) = postSolution
		SolutionGuid = {CDD8A8B1-1BE7-4175-A8DD-128AB856F01B}
	EndGlobalSection
EndGlobal
